
Microsoft Visual Studio Solution File, Format Version 11.00
# Visual Studio 2010
Project("{8BC9CEB8-8B4A-11D0-8D11-00A0C91BC942}") = "QServer", "QServer\QServer.vcxproj", "{FC97812E-F863-495E-A5C3-4C47A77BD3B3}"
EndProject
Project("{8BC9CEB8-8B4A-11D0-8D11-00A0C91BC942}") = "QClient", "QClient\QClient.vcxproj", "{A700288F-FA5B-42ED-A32C-4488A4DA652F}"
EndProject
Global
	GlobalSection(SolutionConfigurationPlatforms) = preSolution
		Debug|Win32 = Debug|Win32
		Release|Win32 = Release|Win32
	EndGlobalSection
	GlobalSection(ProjectConfigurationPlatforms) = postSolution
		{FC97812E-F863-495E-A5C3-4C47A77BD3B3}.Debug|Win32.ActiveCfg = Debug|Win32
		{FC97812E-F863-495E-A5C3-4C47A77BD3B3}.Debug|Win32.Build.0 = Debug|Win32
		{FC97812E-F863-495E-A5C3-4C47A77BD3B3}.Release|Win32.ActiveCfg = Release|Win32
		{FC97812E-F863-495E-A5C3-4C47A77BD3B3}.Release|Win32.Build.0 = Release|Win32
		{A700288F-FA5B-42ED-A32C-4488A4DA652F}.Debug|Win32.ActiveCfg = Debug|Win32
		{A700288F-FA5B-42ED-A32C-4488A4DA652F}.Debug|Win32.Build.0 = Debug|Win32
		{A700288F-FA5B-42ED-A32C-4488A4DA652F}.Release|Win32.ActiveCfg = Release|Win32
		{A700288F-FA5B-42ED-A32C-4488A4DA652F}.Release|Win32.Build.0 = Release|Win32
	EndGlobalSection
	GlobalSection(SolutionProperties) = preSolution
		HideSolutionNode = FALSE
	EndGlobalSection
EndGlobal
